
Microsoft Visual Studio Solution File, Format Version 12.00
# Visual Studio Version 17
VisualStudioVersion = 17.0.31903.59
MinimumVisualStudioVersion = 10.0.40219.1
Project("{9A19103F-16F7-4668-BE54-9A1E7A4F7556}") = "fame", "fame\fame.csproj", "{99D6759B-87EA-45ED-B44D-4DA6D7A77D60}"
EndProject
Project("{9A19103F-16F7-4668-BE54-9A1E7A4F7556}") = "fame.Tests", "fame.Tests\fame.Tests.csproj", "{513C50B6-E565-46BB-9505-E7D93FDA79A1}"
EndProject
Project("{9A19103F-16F7-4668-BE54-9A1E7A4F7556}") = "fame.ElasticApm", "fame.ElasticApm\fame.ElasticApm.csproj", "{619F64B2-AD45-4CCE-ACC7-3A6936732C42}"
EndProject
Project("{9A19103F-16F7-4668-BE54-9A1E7A4F7556}") = "fame.ElasticApm.Tests", "fame.ElasticApm.Tests\fame.ElasticApm.Tests.csproj", "{3F92B419-42CF-4EB7-A73E-F77E181DCED9}"
EndProject
Project("{9A19103F-16F7-4668-BE54-9A1E7A4F7556}") = "fame.Persist.Elastic", "fame.Persist.Elastic\fame.Persist.Elastic.csproj", "{6011B82C-A5E6-4849-BBD1-6A0699F74DC8}"
EndProject
Project("{9A19103F-16F7-4668-BE54-9A1E7A4F7556}") = "fame.Persist.Elastic.Tests", "fame.Persist.Elastic.Tests\fame.Persist.Elastic.Tests.csproj", "{F5D28D87-7B20-4A0B-9A24-4370AEAEB9D9}"
EndProject
Project("{2150E333-8FDC-42A3-9474-1A3956D46DE8}") = "Plugins", "Plugins", "{8FE12E92-8FF6-4ACF-8BFB-9BB9EE1D132C}"
EndProject
Project("{2150E333-8FDC-42A3-9474-1A3956D46DE8}") = "Persist", "Persist", "{2E31DD60-DE97-4D23-8321-2D39C85A3968}"
EndProject
Project("{2150E333-8FDC-42A3-9474-1A3956D46DE8}") = "Telemetry", "Telemetry", "{7BEF500B-D989-4566-8C0C-03B19F8868C6}"
EndProject
Project("{9A19103F-16F7-4668-BE54-9A1E7A4F7556}") = "fame.Persist.seaq", "fame.seaq\fame.Persist.seaq.csproj", "{990456F8-A983-48DA-B202-6D3AD58A1D95}"
EndProject
Project("{9A19103F-16F7-4668-BE54-9A1E7A4F7556}") = "fame.Persist.seaq.tests", "fame.seaq.tests\fame.Persist.seaq.tests.csproj", "{0A968454-4554-496D-B71F-810984F8BB6A}"
EndProject
Project("{9A19103F-16F7-4668-BE54-9A1E7A4F7556}") = "fame.Persist.Postgresql", "fame.Persist.Postgresql\fame.Persist.Postgresql.csproj", "{298F9F48-C2E2-4852-81D6-F75675430D09}"
EndProject
Project("{9A19103F-16F7-4668-BE54-9A1E7A4F7556}") = "fame.Persist.Postgresql.Tests", "fame.Persist.Postgresql.Tests\fame.Persist.Postgresql.Tests.csproj", "{4FEF8FF2-EABD-4E70-96BB-15D6A89E4FF8}"
EndProject
Project("{9A19103F-16F7-4668-BE54-9A1E7A4F7556}") = "fame.Persist.MsSql", "fame.Persist.MsSql\fame.Persist.MsSql.csproj", "{893DB4E5-B5BF-4426-9381-2FC9B4F77485}"
EndProject
Project("{9A19103F-16F7-4668-BE54-9A1E7A4F7556}") = "fame.Persist.MsSql.Tests", "fame.Persist.MsSql.Tests\fame.Persist.MsSql.Tests.csproj", "{B901BCEB-D07D-4AA5-8702-1E6EEC826F5D}"
EndProject
Global
	GlobalSection(SolutionConfigurationPlatforms) = preSolution
		Debug|Any CPU = Debug|Any CPU
		Debug|x64 = Debug|x64
		Debug|x86 = Debug|x86
		Release|Any CPU = Release|Any CPU
		Release|x64 = Release|x64
		Release|x86 = Release|x86
	EndGlobalSection
	GlobalSection(ProjectConfigurationPlatforms) = postSolution
		{99D6759B-87EA-45ED-B44D-4DA6D7A77D60}.Debug|Any CPU.ActiveCfg = Debug|Any CPU
		{99D6759B-87EA-45ED-B44D-4DA6D7A77D60}.Debug|Any CPU.Build.0 = Debug|Any CPU
		{99D6759B-87EA-45ED-B44D-4DA6D7A77D60}.Debug|x64.ActiveCfg = Debug|Any CPU
		{99D6759B-87EA-45ED-B44D-4DA6D7A77D60}.Debug|x64.Build.0 = Debug|Any CPU
		{99D6759B-87EA-45ED-B44D-4DA6D7A77D60}.Debug|x86.ActiveCfg = Debug|Any CPU
		{99D6759B-87EA-45ED-B44D-4DA6D7A77D60}.Debug|x86.Build.0 = Debug|Any CPU
		{99D6759B-87EA-45ED-B44D-4DA6D7A77D60}.Release|Any CPU.ActiveCfg = Release|Any CPU
		{99D6759B-87EA-45ED-B44D-4DA6D7A77D60}.Release|Any CPU.Build.0 = Release|Any CPU
		{99D6759B-87EA-45ED-B44D-4DA6D7A77D60}.Release|x64.ActiveCfg = Release|Any CPU
		{99D6759B-87EA-45ED-B44D-4DA6D7A77D60}.Release|x64.Build.0 = Release|Any CPU
		{99D6759B-87EA-45ED-B44D-4DA6D7A77D60}.Release|x86.ActiveCfg = Release|Any CPU
		{99D6759B-87EA-45ED-B44D-4DA6D7A77D60}.Release|x86.Build.0 = Release|Any CPU
		{513C50B6-E565-46BB-9505-E7D93FDA79A1}.Debug|Any CPU.ActiveCfg = Debug|Any CPU
		{513C50B6-E565-46BB-9505-E7D93FDA79A1}.Debug|Any CPU.Build.0 = Debug|Any CPU
		{513C50B6-E565-46BB-9505-E7D93FDA79A1}.Debug|x64.ActiveCfg = Debug|Any CPU
		{513C50B6-E565-46BB-9505-E7D93FDA79A1}.Debug|x64.Build.0 = Debug|Any CPU
		{513C50B6-E565-46BB-9505-E7D93FDA79A1}.Debug|x86.ActiveCfg = Debug|Any CPU
		{513C50B6-E565-46BB-9505-E7D93FDA79A1}.Debug|x86.Build.0 = Debug|Any CPU
		{513C50B6-E565-46BB-9505-E7D93FDA79A1}.Release|Any CPU.ActiveCfg = Release|Any CPU
		{513C50B6-E565-46BB-9505-E7D93FDA79A1}.Release|Any CPU.Build.0 = Release|Any CPU
		{513C50B6-E565-46BB-9505-E7D93FDA79A1}.Release|x64.ActiveCfg = Release|Any CPU
		{513C50B6-E565-46BB-9505-E7D93FDA79A1}.Release|x64.Build.0 = Release|Any CPU
		{513C50B6-E565-46BB-9505-E7D93FDA79A1}.Release|x86.ActiveCfg = Release|Any CPU
		{513C50B6-E565-46BB-9505-E7D93FDA79A1}.Release|x86.Build.0 = Release|Any CPU
		{619F64B2-AD45-4CCE-ACC7-3A6936732C42}.Debug|Any CPU.ActiveCfg = Debug|Any CPU
		{619F64B2-AD45-4CCE-ACC7-3A6936732C42}.Debug|Any CPU.Build.0 = Debug|Any CPU
		{619F64B2-AD45-4CCE-ACC7-3A6936732C42}.Debug|x64.ActiveCfg = Debug|Any CPU
		{619F64B2-AD45-4CCE-ACC7-3A6936732C42}.Debug|x64.Build.0 = Debug|Any CPU
		{619F64B2-AD45-4CCE-ACC7-3A6936732C42}.Debug|x86.ActiveCfg = Debug|Any CPU
		{619F64B2-AD45-4CCE-ACC7-3A6936732C42}.Debug|x86.Build.0 = Debug|Any CPU
		{619F64B2-AD45-4CCE-ACC7-3A6936732C42}.Release|Any CPU.ActiveCfg = Release|Any CPU
		{619F64B2-AD45-4CCE-ACC7-3A6936732C42}.Release|Any CPU.Build.0 = Release|Any CPU
		{619F64B2-AD45-4CCE-ACC7-3A6936732C42}.Release|x64.ActiveCfg = Release|Any CPU
		{619F64B2-AD45-4CCE-ACC7-3A6936732C42}.Release|x64.Build.0 = Release|Any CPU
		{619F64B2-AD45-4CCE-ACC7-3A6936732C42}.Release|x86.ActiveCfg = Release|Any CPU
		{619F64B2-AD45-4CCE-ACC7-3A6936732C42}.Release|x86.Build.0 = Release|Any CPU
		{3F92B419-42CF-4EB7-A73E-F77E181DCED9}.Debug|Any CPU.ActiveCfg = Debug|Any CPU
		{3F92B419-42CF-4EB7-A73E-F77E181DCED9}.Debug|Any CPU.Build.0 = Debug|Any CPU
		{3F92B419-42CF-4EB7-A73E-F77E181DCED9}.Debug|x64.ActiveCfg = Debug|Any CPU
		{3F92B419-42CF-4EB7-A73E-F77E181DCED9}.Debug|x64.Build.0 = Debug|Any CPU
		{3F92B419-42CF-4EB7-A73E-F77E181DCED9}.Debug|x86.ActiveCfg = Debug|Any CPU
		{3F92B419-42CF-4EB7-A73E-F77E181DCED9}.Debug|x86.Build.0 = Debug|Any CPU
		{3F92B419-42CF-4EB7-A73E-F77E181DCED9}.Release|Any CPU.ActiveCfg = Release|Any CPU
		{3F92B419-42CF-4EB7-A73E-F77E181DCED9}.Release|Any CPU.Build.0 = Release|Any CPU
		{3F92B419-42CF-4EB7-A73E-F77E181DCED9}.Release|x64.ActiveCfg = Release|Any CPU
		{3F92B419-42CF-4EB7-A73E-F77E181DCED9}.Release|x64.Build.0 = Release|Any CPU
		{3F92B419-42CF-4EB7-A73E-F77E181DCED9}.Release|x86.ActiveCfg = Release|Any CPU
		{3F92B419-42CF-4EB7-A73E-F77E181DCED9}.Release|x86.Build.0 = Release|Any CPU
		{6011B82C-A5E6-4849-BBD1-6A0699F74DC8}.Debug|Any CPU.ActiveCfg = Debug|Any CPU
		{6011B82C-A5E6-4849-BBD1-6A0699F74DC8}.Debug|Any CPU.Build.0 = Debug|Any CPU
		{6011B82C-A5E6-4849-BBD1-6A0699F74DC8}.Debug|x64.ActiveCfg = Debug|Any CPU
		{6011B82C-A5E6-4849-BBD1-6A0699F74DC8}.Debug|x64.Build.0 = Debug|Any CPU
		{6011B82C-A5E6-4849-BBD1-6A0699F74DC8}.Debug|x86.ActiveCfg = Debug|Any CPU
		{6011B82C-A5E6-4849-BBD1-6A0699F74DC8}.Debug|x86.Build.0 = Debug|Any CPU
		{6011B82C-A5E6-4849-BBD1-6A0699F74DC8}.Release|Any CPU.ActiveCfg = Release|Any CPU
		{6011B82C-A5E6-4849-BBD1-6A0699F74DC8}.Release|Any CPU.Build.0 = Release|Any CPU
		{6011B82C-A5E6-4849-BBD1-6A0699F74DC8}.Release|x64.ActiveCfg = Release|Any CPU
		{6011B82C-A5E6-4849-BBD1-6A0699F74DC8}.Release|x64.Build.0 = Release|Any CPU
		{6011B82C-A5E6-4849-BBD1-6A0699F74DC8}.Release|x86.ActiveCfg = Release|Any CPU
		{6011B82C-A5E6-4849-BBD1-6A0699F74DC8}.Release|x86.Build.0 = Release|Any CPU
		{F5D28D87-7B20-4A0B-9A24-4370AEAEB9D9}.Debug|Any CPU.ActiveCfg = Debug|Any CPU
		{F5D28D87-7B20-4A0B-9A24-4370AEAEB9D9}.Debug|Any CPU.Build.0 = Debug|Any CPU
		{F5D28D87-7B20-4A0B-9A24-4370AEAEB9D9}.Debug|x64.ActiveCfg = Debug|Any CPU
		{F5D28D87-7B20-4A0B-9A24-4370AEAEB9D9}.Debug|x64.Build.0 = Debug|Any CPU
		{F5D28D87-7B20-4A0B-9A24-4370AEAEB9D9}.Debug|x86.ActiveCfg = Debug|Any CPU
		{F5D28D87-7B20-4A0B-9A24-4370AEAEB9D9}.Debug|x86.Build.0 = Debug|Any CPU
		{F5D28D87-7B20-4A0B-9A24-4370AEAEB9D9}.Release|Any CPU.ActiveCfg = Release|Any CPU
		{F5D28D87-7B20-4A0B-9A24-4370AEAEB9D9}.Release|Any CPU.Build.0 = Release|Any CPU
		{F5D28D87-7B20-4A0B-9A24-4370AEAEB9D9}.Release|x64.ActiveCfg = Release|Any CPU
		{F5D28D87-7B20-4A0B-9A24-4370AEAEB9D9}.Release|x64.Build.0 = Release|Any CPU
		{F5D28D87-7B20-4A0B-9A24-4370AEAEB9D9}.Release|x86.ActiveCfg = Release|Any CPU
		{F5D28D87-7B20-4A0B-9A24-4370AEAEB9D9}.Release|x86.Build.0 = Release|Any CPU
		{990456F8-A983-48DA-B202-6D3AD58A1D95}.Debug|Any CPU.ActiveCfg = Debug|Any CPU
		{990456F8-A983-48DA-B202-6D3AD58A1D95}.Debug|Any CPU.Build.0 = Debug|Any CPU
		{990456F8-A983-48DA-B202-6D3AD58A1D95}.Debug|x64.ActiveCfg = Debug|Any CPU
		{990456F8-A983-48DA-B202-6D3AD58A1D95}.Debug|x64.Build.0 = Debug|Any CPU
		{990456F8-A983-48DA-B202-6D3AD58A1D95}.Debug|x86.ActiveCfg = Debug|Any CPU
		{990456F8-A983-48DA-B202-6D3AD58A1D95}.Debug|x86.Build.0 = Debug|Any CPU
		{990456F8-A983-48DA-B202-6D3AD58A1D95}.Release|Any CPU.ActiveCfg = Release|Any CPU
		{990456F8-A983-48DA-B202-6D3AD58A1D95}.Release|Any CPU.Build.0 = Release|Any CPU
		{990456F8-A983-48DA-B202-6D3AD58A1D95}.Release|x64.ActiveCfg = Release|Any CPU
		{990456F8-A983-48DA-B202-6D3AD58A1D95}.Release|x64.Build.0 = Release|Any CPU
		{990456F8-A983-48DA-B202-6D3AD58A1D95}.Release|x86.ActiveCfg = Release|Any CPU
		{990456F8-A983-48DA-B202-6D3AD58A1D95}.Release|x86.Build.0 = Release|Any CPU
		{0A968454-4554-496D-B71F-810984F8BB6A}.Debug|Any CPU.ActiveCfg = Debug|Any CPU
		{0A968454-4554-496D-B71F-810984F8BB6A}.Debug|Any CPU.Build.0 = Debug|Any CPU
		{0A968454-4554-496D-B71F-810984F8BB6A}.Debug|x64.ActiveCfg = Debug|Any CPU
		{0A968454-4554-496D-B71F-810984F8BB6A}.Debug|x64.Build.0 = Debug|Any CPU
		{0A968454-4554-496D-B71F-810984F8BB6A}.Debug|x86.ActiveCfg = Debug|Any CPU
		{0A968454-4554-496D-B71F-810984F8BB6A}.Debug|x86.Build.0 = Debug|Any CPU
		{0A968454-4554-496D-B71F-810984F8BB6A}.Release|Any CPU.ActiveCfg = Release|Any CPU
		{0A968454-4554-496D-B71F-810984F8BB6A}.Release|Any CPU.Build.0 = Release|Any CPU
		{0A968454-4554-496D-B71F-810984F8BB6A}.Release|x64.ActiveCfg = Release|Any CPU
		{0A968454-4554-496D-B71F-810984F8BB6A}.Release|x64.Build.0 = Release|Any CPU
		{0A968454-4554-496D-B71F-810984F8BB6A}.Release|x86.ActiveCfg = Release|Any CPU
		{0A968454-4554-496D-B71F-810984F8BB6A}.Release|x86.Build.0 = Release|Any CPU
		{298F9F48-C2E2-4852-81D6-F75675430D09}.Debug|Any CPU.ActiveCfg = Debug|Any CPU
		{298F9F48-C2E2-4852-81D6-F75675430D09}.Debug|Any CPU.Build.0 = Debug|Any CPU
		{298F9F48-C2E2-4852-81D6-F75675430D09}.Debug|x64.ActiveCfg = Debug|Any CPU
		{298F9F48-C2E2-4852-81D6-F75675430D09}.Debug|x64.Build.0 = Debug|Any CPU
		{298F9F48-C2E2-4852-81D6-F75675430D09}.Debug|x86.ActiveCfg = Debug|Any CPU
		{298F9F48-C2E2-4852-81D6-F75675430D09}.Debug|x86.Build.0 = Debug|Any CPU
		{298F9F48-C2E2-4852-81D6-F75675430D09}.Release|Any CPU.ActiveCfg = Release|Any CPU
		{298F9F48-C2E2-4852-81D6-F75675430D09}.Release|Any CPU.Build.0 = Release|Any CPU
		{298F9F48-C2E2-4852-81D6-F75675430D09}.Release|x64.ActiveCfg = Release|Any CPU
		{298F9F48-C2E2-4852-81D6-F75675430D09}.Release|x64.Build.0 = Release|Any CPU
		{298F9F48-C2E2-4852-81D6-F75675430D09}.Release|x86.ActiveCfg = Release|Any CPU
		{298F9F48-C2E2-4852-81D6-F75675430D09}.Release|x86.Build.0 = Release|Any CPU
		{4FEF8FF2-EABD-4E70-96BB-15D6A89E4FF8}.Debug|Any CPU.ActiveCfg = Debug|Any CPU
		{4FEF8FF2-EABD-4E70-96BB-15D6A89E4FF8}.Debug|Any CPU.Build.0 = Debug|Any CPU
		{4FEF8FF2-EABD-4E70-96BB-15D6A89E4FF8}.Debug|x64.ActiveCfg = Debug|Any CPU
		{4FEF8FF2-EABD-4E70-96BB-15D6A89E4FF8}.Debug|x64.Build.0 = Debug|Any CPU
		{4FEF8FF2-EABD-4E70-96BB-15D6A89E4FF8}.Debug|x86.ActiveCfg = Debug|Any CPU
		{4FEF8FF2-EABD-4E70-96BB-15D6A89E4FF8}.Debug|x86.Build.0 = Debug|Any CPU
		{4FEF8FF2-EABD-4E70-96BB-15D6A89E4FF8}.Release|Any CPU.ActiveCfg = Release|Any CPU
		{4FEF8FF2-EABD-4E70-96BB-15D6A89E4FF8}.Release|Any CPU.Build.0 = Release|Any CPU
		{4FEF8FF2-EABD-4E70-96BB-15D6A89E4FF8}.Release|x64.ActiveCfg = Release|Any CPU
		{4FEF8FF2-EABD-4E70-96BB-15D6A89E4FF8}.Release|x64.Build.0 = Release|Any CPU
		{4FEF8FF2-EABD-4E70-96BB-15D6A89E4FF8}.Release|x86.ActiveCfg = Release|Any CPU
		{4FEF8FF2-EABD-4E70-96BB-15D6A89E4FF8}.Release|x86.Build.0 = Release|Any CPU
		{893DB4E5-B5BF-4426-9381-2FC9B4F77485}.Debug|Any CPU.ActiveCfg = Debug|Any CPU
		{893DB4E5-B5BF-4426-9381-2FC9B4F77485}.Debug|Any CPU.Build.0 = Debug|Any CPU
		{893DB4E5-B5BF-4426-9381-2FC9B4F77485}.Debug|x64.ActiveCfg = Debug|Any CPU
		{893DB4E5-B5BF-4426-9381-2FC9B4F77485}.Debug|x64.Build.0 = Debug|Any CPU
		{893DB4E5-B5BF-4426-9381-2FC9B4F77485}.Debug|x86.ActiveCfg = Debug|Any CPU
		{893DB4E5-B5BF-4426-9381-2FC9B4F77485}.Debug|x86.Build.0 = Debug|Any CPU
		{893DB4E5-B5BF-4426-9381-2FC9B4F77485}.Release|Any CPU.ActiveCfg = Release|Any CPU
		{893DB4E5-B5BF-4426-9381-2FC9B4F77485}.Release|Any CPU.Build.0 = Release|Any CPU
		{893DB4E5-B5BF-4426-9381-2FC9B4F77485}.Release|x64.ActiveCfg = Release|Any CPU
		{893DB4E5-B5BF-4426-9381-2FC9B4F77485}.Release|x64.Build.0 = Release|Any CPU
		{893DB4E5-B5BF-4426-9381-2FC9B4F77485}.Release|x86.ActiveCfg = Release|Any CPU
		{893DB4E5-B5BF-4426-9381-2FC9B4F77485}.Release|x86.Build.0 = Release|Any CPU
		{B901BCEB-D07D-4AA5-8702-1E6EEC826F5D}.Debug|Any CPU.ActiveCfg = Debug|Any CPU
		{B901BCEB-D07D-4AA5-8702-1E6EEC826F5D}.Debug|Any CPU.Build.0 = Debug|Any CPU
		{B901BCEB-D07D-4AA5-8702-1E6EEC826F5D}.Debug|x64.ActiveCfg = Debug|Any CPU
		{B901BCEB-D07D-4AA5-8702-1E6EEC826F5D}.Debug|x64.Build.0 = Debug|Any CPU
		{B901BCEB-D07D-4AA5-8702-1E6EEC826F5D}.Debug|x86.ActiveCfg = Debug|Any CPU
		{B901BCEB-D07D-4AA5-8702-1E6EEC826F5D}.Debug|x86.Build.0 = Debug|Any CPU
		{B901BCEB-D07D-4AA5-8702-1E6EEC826F5D}.Release|Any CPU.ActiveCfg = Release|Any CPU
		{B901BCEB-D07D-4AA5-8702-1E6EEC826F5D}.Release|Any CPU.Build.0 = Release|Any CPU
		{B901BCEB-D07D-4AA5-8702-1E6EEC826F5D}.Release|x64.ActiveCfg = Release|Any CPU
		{B901BCEB-D07D-4AA5-8702-1E6EEC826F5D}.Release|x64.Build.0 = Release|Any CPU
		{B901BCEB-D07D-4AA5-8702-1E6EEC826F5D}.Release|x86.ActiveCfg = Release|Any CPU
		{B901BCEB-D07D-4AA5-8702-1E6EEC826F5D}.Release|x86.Build.0 = Release|Any CPU
	EndGlobalSection
	GlobalSection(SolutionProperties) = preSolution
		HideSolutionNode = FALSE
	EndGlobalSection
	GlobalSection(NestedProjects) = preSolution
		{619F64B2-AD45-4CCE-ACC7-3A6936732C42} = {7BEF500B-D989-4566-8C0C-03B19F8868C6}
		{3F92B419-42CF-4EB7-A73E-F77E181DCED9} = {7BEF500B-D989-4566-8C0C-03B19F8868C6}
		{6011B82C-A5E6-4849-BBD1-6A0699F74DC8} = {2E31DD60-DE97-4D23-8321-2D39C85A3968}
		{F5D28D87-7B20-4A0B-9A24-4370AEAEB9D9} = {2E31DD60-DE97-4D23-8321-2D39C85A3968}
		{2E31DD60-DE97-4D23-8321-2D39C85A3968} = {8FE12E92-8FF6-4ACF-8BFB-9BB9EE1D132C}
		{7BEF500B-D989-4566-8C0C-03B19F8868C6} = {8FE12E92-8FF6-4ACF-8BFB-9BB9EE1D132C}
		{990456F8-A983-48DA-B202-6D3AD58A1D95} = {2E31DD60-DE97-4D23-8321-2D39C85A3968}
		{0A968454-4554-496D-B71F-810984F8BB6A} = {2E31DD60-DE97-4D23-8321-2D39C85A3968}
		{298F9F48-C2E2-4852-81D6-F75675430D09} = {2E31DD60-DE97-4D23-8321-2D39C85A3968}
		{4FEF8FF2-EABD-4E70-96BB-15D6A89E4FF8} = {2E31DD60-DE97-4D23-8321-2D39C85A3968}
		{893DB4E5-B5BF-4426-9381-2FC9B4F77485} = {2E31DD60-DE97-4D23-8321-2D39C85A3968}
		{B901BCEB-D07D-4AA5-8702-1E6EEC826F5D} = {2E31DD60-DE97-4D23-8321-2D39C85A3968}
	EndGlobalSection
	GlobalSection(ExtensibilityGlobals) = postSolution
		SolutionGuid = {929E25F1-93BB-471F-9D10-8562B14489F8}
	EndGlobalSection
EndGlobal
